PODS:
  - EasyNavigation (1.0.5)
  - LTAutoScrollView (0.2.0)
  - SnapKit (4.0.0)
  - Toaster (2.1.1)

DEPENDENCIES:
  - EasyNavigation (~> 1.0)
  - LTAutoScrollView
  - SnapKit (~> 4.0.0)
  - Toaster (~> 2.1.1)

SPEC REPOS:
  https://github.com/CocoaPods/Specs.git:
    - EasyNavigation
    - LTAutoScrollView
    - SnapKit
    - Toaster

SPEC CHECKSUMS:
  EasyNavigation: 3414769a995d032e5dd9441f2bdd4eda7dd10089
  LTAutoScrollView: 74fd22ee3e50565bcd93f641afe61133e8949e34
  SnapKit: a42d492c16e80209130a3379f73596c3454b7694
  Toaster: a6c9532de1ded8105e77376f7dffeb2e12b46dbb

PODFILE CHECKSUM: f253a71087f43fd3f27d7704bd71bbc775d2b1a8

COCOAPODS: 1.5.0
