// !$*UTF8*$!
{
	archiveVersion = 1;
	classes = {
	};
	objectVersion = 50;
	objects = {

/* Begin PBXBuildFile section */
		0410106E20B262750066903C /* UserInfoViewController.swift in Sources */ = {isa = PBXBuildFile; fileRef = 0410106D20B262750066903C /* UserInfoViewController.swift */; };
		0410107020B2ACBC0066903C /* UIView+Extension.swift in Sources */ = {isa = PBXBuildFile; fileRef = 0410106F20B2ACBC0066903C /* UIView+Extension.swift */; };
		0410108A20B2CD240066903C /* CZHAddressPickerView.m in Sources */ = {isa = PBXBuildFile; fileRef = 0410108220B2CD230066903C /* CZHAddressPickerView.m */; };
		0410108B20B2CD240066903C /* UIView+CZHExtension.m in Sources */ = {isa = PBXBuildFile; fileRef = 0410108420B2CD230066903C /* UIView+CZHExtension.m */; };
		0410108C20B2CD240066903C /* UIButton+CZHExtension.m in Sources */ = {isa = PBXBuildFile; fileRef = 0410108620B2CD240066903C /* UIButton+CZHExtension.m */; };
		0410108D20B2CD240066903C /* city.plist in Resources */ = {isa = PBXBuildFile; fileRef = 0410108720B2CD240066903C /* city.plist */; };
		0419358820A55D03006D5CF3 /* AppDelegate.swift in Sources */ = {isa = PBXBuildFile; fileRef = 0419358720A55D03006D5CF3 /* AppDelegate.swift */; };
		0419358D20A55D03006D5CF3 /* Main.storyboard in Resources */ = {isa = PBXBuildFile; fileRef = 0419358B20A55D03006D5CF3 /* Main.storyboard */; };
		0419359220A55D04006D5CF3 /* LaunchScreen.storyboard in Resources */ = {isa = PBXBuildFile; fileRef = 0419359020A55D04006D5CF3 /* LaunchScreen.storyboard */; };
		0419359C20A55F4C006D5CF3 /* GuideViewController.swift in Sources */ = {isa = PBXBuildFile; fileRef = 0419359B20A55F4C006D5CF3 /* GuideViewController.swift */; };
		0419359F20A55F70006D5CF3 /* HomeFragmentVC.swift in Sources */ = {isa = PBXBuildFile; fileRef = 0419359E20A55F70006D5CF3 /* HomeFragmentVC.swift */; };
		041935A120A55F7F006D5CF3 /* LoanFragmentVC.swift in Sources */ = {isa = PBXBuildFile; fileRef = 041935A020A55F7F006D5CF3 /* LoanFragmentVC.swift */; };
		041935A320A55F8E006D5CF3 /* MineFragmentVC.swift in Sources */ = {isa = PBXBuildFile; fileRef = 041935A220A55F8E006D5CF3 /* MineFragmentVC.swift */; };
		042336A620DA11DF00108E55 /* WebService.swift in Sources */ = {isa = PBXBuildFile; fileRef = 042336A520DA11DF00108E55 /* WebService.swift */; };
		042336A820DA4D0A00108E55 /* UserInfo.swift in Sources */ = {isa = PBXBuildFile; fileRef = 042336A720DA4D0A00108E55 /* UserInfo.swift */; };
		0443B52B20D8D0FA00F094CC /* Login.swift in Sources */ = {isa = PBXBuildFile; fileRef = 0443B52A20D8D0FA00F094CC /* Login.swift */; };
		0443B52D20D8D32C00F094CC /* AuthCode.swift in Sources */ = {isa = PBXBuildFile; fileRef = 0443B52C20D8D32C00F094CC /* AuthCode.swift */; };
		0443B52F20D8ECD300F094CC /* CheckToken.swift in Sources */ = {isa = PBXBuildFile; fileRef = 0443B52E20D8ECD300F094CC /* CheckToken.swift */; };
		044D9DE120B6887500A9A519 /* SYIToast+SYCategory.m in Sources */ = {isa = PBXBuildFile; fileRef = 044D9DDE20B6887500A9A519 /* SYIToast+SYCategory.m */; };
		044D9DE220B6887500A9A519 /* SYIToast.m in Sources */ = {isa = PBXBuildFile; fileRef = 044D9DE020B6887500A9A519 /* SYIToast.m */; };
		044D9DE420B6954300A9A519 /* HHConstant.swift in Sources */ = {isa = PBXBuildFile; fileRef = 044D9DE320B6954300A9A519 /* HHConstant.swift */; };
		044E979320AEDF1200114530 /* LoanCell.swift in Sources */ = {isa = PBXBuildFile; fileRef = 044E979220AEDF1200114530 /* LoanCell.swift */; };
		044E979520AEDF8400114530 /* CGRect+Extension.swift in Sources */ = {isa = PBXBuildFile; fileRef = 044E979420AEDF8400114530 /* CGRect+Extension.swift */; };
		044F179D20B91D4700BFF5CB /* ZJNoticeView.swift in Sources */ = {isa = PBXBuildFile; fileRef = 044F179C20B91D4700BFF5CB /* ZJNoticeView.swift */; };
		044F179F20B91D6300BFF5CB /* ZJAutoScrollLabel.swift in Sources */ = {isa = PBXBuildFile; fileRef = 044F179E20B91D6300BFF5CB /* ZJAutoScrollLabel.swift */; };
		044F17A520B927F200BFF5CB /* ASAdverRollView.m in Sources */ = {isa = PBXBuildFile; fileRef = 044F17A420B927F200BFF5CB /* ASAdverRollView.m */; };
		044FA73620B3EE7700497CE9 /* UpdateNameViewController.swift in Sources */ = {isa = PBXBuildFile; fileRef = 044FA73520B3EE7700497CE9 /* UpdateNameViewController.swift */; };
		044FA73820B421B400497CE9 /* IDCardViewController.swift in Sources */ = {isa = PBXBuildFile; fileRef = 044FA73720B421B400497CE9 /* IDCardViewController.swift */; };
		044FE45220DCFB2B001FBC7A /* ProtocolViewController.swift in Sources */ = {isa = PBXBuildFile; fileRef = 044FE45120DCFB2B001FBC7A /* ProtocolViewController.swift */; };
		0450BB0320B56758002780DA /* WebViewController.swift in Sources */ = {isa = PBXBuildFile; fileRef = 0450BB0220B56758002780DA /* WebViewController.swift */; };
		0451298C20BFD4CD005D8971 /* ScrollActionView.m in Sources */ = {isa = PBXBuildFile; fileRef = 0451298B20BFD4CD005D8971 /* ScrollActionView.m */; };
		0451298E20BFECFB005D8971 /* UIScrollView.m in Sources */ = {isa = PBXBuildFile; fileRef = 0451298D20BFECFB005D8971 /* UIScrollView.m */; };
		045202A920ABDE9D008E181C /* TabBarController.swift in Sources */ = {isa = PBXBuildFile; fileRef = 045202A720ABDE9C008E181C /* TabBarController.swift */; };
		045202F920ABF3A9008E181C /* MainController.swift in Sources */ = {isa = PBXBuildFile; fileRef = 045202F820ABF3A9008E181C /* MainController.swift */; };
		045202FB20ABF3B9008E181C /* DrawerMenuController.swift in Sources */ = {isa = PBXBuildFile; fileRef = 045202FA20ABF3B9008E181C /* DrawerMenuController.swift */; };
		0452030020ABF47F008E181C /* UIButton+Extension.swift in Sources */ = {isa = PBXBuildFile; fileRef = 045202FC20ABF47F008E181C /* UIButton+Extension.swift */; };
		0452030220ABF47F008E181C /* UIFont+Extension.swift in Sources */ = {isa = PBXBuildFile; fileRef = 045202FE20ABF47F008E181C /* UIFont+Extension.swift */; };
		0452030320ABF47F008E181C /* UIColor+Extension.swift in Sources */ = {isa = PBXBuildFile; fileRef = 045202FF20ABF47F008E181C /* UIColor+Extension.swift */; };
		0452030620ABF49C008E181C /* Header.swift in Sources */ = {isa = PBXBuildFile; fileRef = 0452030420ABF49B008E181C /* Header.swift */; };
		0452030720ABF49C008E181C /* BackButton.swift in Sources */ = {isa = PBXBuildFile; fileRef = 0452030520ABF49C008E181C /* BackButton.swift */; };
		0452030920ABF4C3008E181C /* NavigationController.swift in Sources */ = {isa = PBXBuildFile; fileRef = 0452030820ABF4C3008E181C /* NavigationController.swift */; };
		0452225220AA77C7005AB69E /* AboutUsViewController.swift in Sources */ = {isa = PBXBuildFile; fileRef = 0452225120AA77C7005AB69E /* AboutUsViewController.swift */; };
		0452225420AA7D6F005AB69E /* CustomerServiceViewController.swift in Sources */ = {isa = PBXBuildFile; fileRef = 0452225320AA7D6F005AB69E /* CustomerServiceViewController.swift */; };
		045552D320DB87DD0024668F /* InfoSave.swift in Sources */ = {isa = PBXBuildFile; fileRef = 045552D220DB87DD0024668F /* InfoSave.swift */; };
		04556CC620AD2BE300B48E54 /* RightButton.swift in Sources */ = {isa = PBXBuildFile; fileRef = 04556CC520AD2BE300B48E54 /* RightButton.swift */; };
		04556CC820AD2E4E00B48E54 /* BaseViewController.swift in Sources */ = {isa = PBXBuildFile; fileRef = 04556CC720AD2E4E00B48E54 /* BaseViewController.swift */; };
		047E0ACB20D35E7800FDE00F /* LoginViewController.swift in Sources */ = {isa = PBXBuildFile; fileRef = 047E0ACA20D35E7800FDE00F /* LoginViewController.swift */; };
		047E0ACD20D3668400FDE00F /* WeekNewViewController.swift in Sources */ = {isa = PBXBuildFile; fileRef = 047E0ACC20D3668400FDE00F /* WeekNewViewController.swift */; };
		047E0ACF20D36E5900FDE00F /* WeekHotViewController.swift in Sources */ = {isa = PBXBuildFile; fileRef = 047E0ACE20D36E5900FDE00F /* WeekHotViewController.swift */; };
		047E0AD120D36ED500FDE00F /* WeekBestViewController.swift in Sources */ = {isa = PBXBuildFile; fileRef = 047E0AD020D36ED500FDE00F /* WeekBestViewController.swift */; };
		0481169520D0C77500644CDE /* LYEmptyBaseView.m in Sources */ = {isa = PBXBuildFile; fileRef = 0481168B20D0C77400644CDE /* LYEmptyBaseView.m */; };
		0481169620D0C77500644CDE /* UIView+Empty.m in Sources */ = {isa = PBXBuildFile; fileRef = 0481169020D0C77500644CDE /* UIView+Empty.m */; };
		0481169720D0C77500644CDE /* LYEmptyView.m in Sources */ = {isa = PBXBuildFile; fileRef = 0481169120D0C77500644CDE /* LYEmptyView.m */; };
		0481169820D0C77500644CDE /* MyDIYEmpty.m in Sources */ = {isa = PBXBuildFile; fileRef = 0481169320D0C77500644CDE /* MyDIYEmpty.m */; };
		0481169920D0C77500644CDE /* UIView+LYExtension.m in Sources */ = {isa = PBXBuildFile; fileRef = 0481169420D0C77500644CDE /* UIView+LYExtension.m */; };
		0486660120C8DE8E00BF4DED /* WeekHot.swift in Sources */ = {isa = PBXBuildFile; fileRef = 048665FD20C8DE8E00BF4DED /* WeekHot.swift */; };
		0486660220C8DE8E00BF4DED /* Banner.swift in Sources */ = {isa = PBXBuildFile; fileRef = 048665FE20C8DE8E00BF4DED /* Banner.swift */; };
		0486660320C8DE8E00BF4DED /* Radio.swift in Sources */ = {isa = PBXBuildFile; fileRef = 048665FF20C8DE8E00BF4DED /* Radio.swift */; };
		0486660420C8DE8E00BF4DED /* WeekNew.swift in Sources */ = {isa = PBXBuildFile; fileRef = 0486660020C8DE8E00BF4DED /* WeekNew.swift */; };
		0486660720C8DEC400BF4DED /* NetworkService.swift in Sources */ = {isa = PBXBuildFile; fileRef = 0486660620C8DEC400BF4DED /* NetworkService.swift */; };
		0486660920C92AA400BF4DED /* DetilViewController.swift in Sources */ = {isa = PBXBuildFile; fileRef = 0486660820C92AA400BF4DED /* DetilViewController.swift */; };
		0486660B20C941EC00BF4DED /* Detil.swift in Sources */ = {isa = PBXBuildFile; fileRef = 0486660A20C941EC00BF4DED /* Detil.swift */; };
		04939EF320BECD6000996C54 /* GFScrollMenView.m in Sources */ = {isa = PBXBuildFile; fileRef = 04939EF220BECD6000996C54 /* GFScrollMenView.m */; };
		04960B0D20A98471007B58D8 /* SettingViewController.swift in Sources */ = {isa = PBXBuildFile; fileRef = 04960B0C20A98471007B58D8 /* SettingViewController.swift */; };
		049615A720CCD260003F6C63 /* Query.swift in Sources */ = {isa = PBXBuildFile; fileRef = 049615A620CCD260003F6C63 /* Query.swift */; };
		049615A920CE1370003F6C63 /* NotificationHelper.swift in Sources */ = {isa = PBXBuildFile; fileRef = 049615A820CE1370003F6C63 /* NotificationHelper.swift */; };
		049615AB20CE642B003F6C63 /* WeekSpeed.swift in Sources */ = {isa = PBXBuildFile; fileRef = 049615AA20CE642B003F6C63 /* WeekSpeed.swift */; };
		049A8F7920CF6C38007BB263 /* CustomLayout.swift in Sources */ = {isa = PBXBuildFile; fileRef = 049A8F7720CF6C38007BB263 /* CustomLayout.swift */; };
		049A8F7A20CF6C38007BB263 /* CollectionViewCell.swift in Sources */ = {isa = PBXBuildFile; fileRef = 049A8F7820CF6C38007BB263 /* CollectionViewCell.swift */; };
		049A8F8C20CFD934007BB263 /* MoreDropDownMenu.m in Sources */ = {isa = PBXBuildFile; fileRef = 049A8F8920CFD934007BB263 /* MoreDropDownMenu.m */; };
		049A8F8D20CFD934007BB263 /* MoreDropDownMenuRowCell.m in Sources */ = {isa = PBXBuildFile; fileRef = 049A8F8A20CFD934007BB263 /* MoreDropDownMenuRowCell.m */; };
		049A8F9120CFD94D007BB263 /* NSArray+ZMAdd.m in Sources */ = {isa = PBXBuildFile; fileRef = 049A8F9020CFD94D007BB263 /* NSArray+ZMAdd.m */; };
		049DB4DC20C5427B004BE618 /* IWBusinessCategorySV.m in Sources */ = {isa = PBXBuildFile; fileRef = 049DB4D920C5427A004BE618 /* IWBusinessCategorySV.m */; };
		049DB4DD20C5427B004BE618 /* IWItemButton.m in Sources */ = {isa = PBXBuildFile; fileRef = 049DB4DA20C5427A004BE618 /* IWItemButton.m */; };
		04A083F520C3070B002C7386 /* SCCycleScrollView.swift in Sources */ = {isa = PBXBuildFile; fileRef = 04A083F320C3070B002C7386 /* SCCycleScrollView.swift */; };
		04A083F620C3070B002C7386 /* SCCycleScrollViewCell.swift in Sources */ = {isa = PBXBuildFile; fileRef = 04A083F420C3070B002C7386 /* SCCycleScrollViewCell.swift */; };
		04D15D3420AAF86500A33F5B /* BackViewController.swift in Sources */ = {isa = PBXBuildFile; fileRef = 04D15D3320AAF86500A33F5B /* BackViewController.swift */; };
		04EA971D20B7E50400BC12C3 /* WKJSPOST.html in Resources */ = {isa = PBXBuildFile; fileRef = 04EA971A20B7E50400BC12C3 /* WKJSPOST.html */; };
		04EA971E20B7E50400BC12C3 /* WkwebViewConfig.swift in Sources */ = {isa = PBXBuildFile; fileRef = 04EA971B20B7E50400BC12C3 /* WkwebViewConfig.swift */; };
		04EA971F20B7E50400BC12C3 /* WebView.swift in Sources */ = {isa = PBXBuildFile; fileRef = 04EA971C20B7E50400BC12C3 /* WebView.swift */; };
		04EA972320B7E51D00BC12C3 /* UIBarButtonItem+Extension.swift in Sources */ = {isa = PBXBuildFile; fileRef = 04EA972020B7E51D00BC12C3 /* UIBarButtonItem+Extension.swift */; };
		04EA972520B7E51D00BC12C3 /* String+Extension.swift in Sources */ = {isa = PBXBuildFile; fileRef = 04EA972220B7E51D00BC12C3 /* String+Extension.swift */; };
		04ECEAEC20B89BE9001DFD1B /* Assets.xcassets in Resources */ = {isa = PBXBuildFile; fileRef = 04ECEAEB20B89BE9001DFD1B /* Assets.xcassets */; };
		D5D8D6C268815F89B289657E /* Pods_Loan.framework in Frameworks */ = {isa = PBXBuildFile; fileRef = BB364E3F5C18939114632395 /* Pods_Loan.framework */; };
/* End PBXBuildFile section */

/* Begin PBXFileReference section */
		0410106D20B262750066903C /* UserInfoViewController.swift */ = {isa = PBXFileReference; lastKnownFileType = sourcecode.swift; path = UserInfoViewController.swift; sourceTree = "<group>"; };
		0410106F20B2ACBC0066903C /* UIView+Extension.swift */ = {isa = PBXFileReference; fileEncoding = 4; lastKnownFileType = sourcecode.swift; path = "UIView+Extension.swift"; sourceTree = "<group>"; };
		0410108220B2CD230066903C /* CZHAddressPickerView.m */ = {isa = PBXFileReference; fileEncoding = 4; lastKnownFileType = sourcecode.c.objc; path = CZHAddressPickerView.m; sourceTree = "<group>"; };
		0410108320B2CD230066903C /* UIButton+CZHExtension.h */ = {isa = PBXFileReference; fileEncoding = 4; lastKnownFileType = sourcecode.c.h; path = "UIButton+CZHExtension.h"; sourceTree = "<group>"; };
		0410108420B2CD230066903C /* UIView+CZHExtension.m */ = {isa = PBXFileReference; fileEncoding = 4; lastKnownFileType = sourcecode.c.objc; path = "UIView+CZHExtension.m"; sourceTree = "<group>"; };
		0410108520B2CD230066903C /* CZHAddressPickerView.h */ = {isa = PBXFileReference; fileEncoding = 4; lastKnownFileType = sourcecode.c.h; path = CZHAddressPickerView.h; sourceTree = "<group>"; };
		0410108620B2CD240066903C /* UIButton+CZHExtension.m */ = {isa = PBXFileReference; fileEncoding = 4; lastKnownFileType = sourcecode.c.objc; path = "UIButton+CZHExtension.m"; sourceTree = "<group>"; };
		0410108720B2CD240066903C /* city.plist */ = {isa = PBXFileReference; fileEncoding = 4; lastKnownFileType = text.plist.xml; path = city.plist; sourceTree = "<group>"; };
		0410108820B2CD240066903C /* UIView+CZHExtension.h */ = {isa = PBXFileReference; fileEncoding = 4; lastKnownFileType = sourcecode.c.h; path = "UIView+CZHExtension.h"; sourceTree = "<group>"; };
		0410108920B2CD240066903C /* AddressPickerHeader.h */ = {isa = PBXFileReference; fileEncoding = 4; lastKnownFileType = sourcecode.c.h; path = AddressPickerHeader.h; sourceTree = "<group>"; };
		0419358420A55D03006D5CF3 /* Loan.app */ = {isa = PBXFileReference; explicitFileType = wrapper.application; includeInIndex = 0; path = Loan.app; sourceTree = BUILT_PRODUCTS_DIR; };
		0419358720A55D03006D5CF3 /* AppDelegate.swift */ = {isa = PBXFileReference; lastKnownFileType = sourcecode.swift; path = AppDelegate.swift; sourceTree = "<group>"; };
		0419358C20A55D03006D5CF3 /* Base */ = {isa = PBXFileReference; lastKnownFileType = file.storyboard; name = Base; path = Base.lproj/Main.storyboard; sourceTree = "<group>"; };
		0419359120A55D04006D5CF3 /* Base */ = {isa = PBXFileReference; lastKnownFileType = file.storyboard; name = Base; path = Base.lproj/LaunchScreen.storyboard; sourceTree = "<group>"; };
		0419359320A55D04006D5CF3 /* Info.plist */ = {isa = PBXFileReference; lastKnownFileType = text.plist.xml; path = Info.plist; sourceTree = "<group>"; };
		0419359B20A55F4C006D5CF3 /* GuideViewController.swift */ = {isa = PBXFileReference; lastKnownFileType = sourcecode.swift; path = GuideViewController.swift; sourceTree = "<group>"; };
		0419359E20A55F70006D5CF3 /* HomeFragmentVC.swift */ = {isa = PBXFileReference; lastKnownFileType = sourcecode.swift; path = HomeFragmentVC.swift; sourceTree = "<group>"; };
		041935A020A55F7F006D5CF3 /* LoanFragmentVC.swift */ = {isa = PBXFileReference; lastKnownFileType = sourcecode.swift; path = LoanFragmentVC.swift; sourceTree = "<group>"; };
		041935A220A55F8E006D5CF3 /* MineFragmentVC.swift */ = {isa = PBXFileReference; lastKnownFileType = sourcecode.swift; path = MineFragmentVC.swift; sourceTree = "<group>"; };
		042336A520DA11DF00108E55 /* WebService.swift */ = {isa = PBXFileReference; lastKnownFileType = sourcecode.swift; path = WebService.swift; sourceTree = "<group>"; };
		042336A720DA4D0A00108E55 /* UserInfo.swift */ = {isa = PBXFileReference; lastKnownFileType = sourcecode.swift; path = UserInfo.swift; sourceTree = "<group>"; };
		0443B52A20D8D0FA00F094CC /* Login.swift */ = {isa = PBXFileReference; lastKnownFileType = sourcecode.swift; path = Login.swift; sourceTree = "<group>"; };
		0443B52C20D8D32C00F094CC /* AuthCode.swift */ = {isa = PBXFileReference; lastKnownFileType = sourcecode.swift; path = AuthCode.swift; sourceTree = "<group>"; };
		0443B52E20D8ECD300F094CC /* CheckToken.swift */ = {isa = PBXFileReference; lastKnownFileType = sourcecode.swift; path = CheckToken.swift; sourceTree = "<group>"; };
		044D9DDD20B6887400A9A519 /* SYIToast.h */ = {isa = PBXFileReference; fileEncoding = 4; lastKnownFileType = sourcecode.c.h; path = SYIToast.h; sourceTree = "<group>"; };
		044D9DDE20B6887500A9A519 /* SYIToast+SYCategory.m */ = {isa = PBXFileReference; fileEncoding = 4; lastKnownFileType = sourcecode.c.objc; path = "SYIToast+SYCategory.m"; sourceTree = "<group>"; };
		044D9DDF20B6887500A9A519 /* SYIToast+SYCategory.h */ = {isa = PBXFileReference; fileEncoding = 4; lastKnownFileType = sourcecode.c.h; path = "SYIToast+SYCategory.h"; sourceTree = "<group>"; };
		044D9DE020B6887500A9A519 /* SYIToast.m */ = {isa = PBXFileReference; fileEncoding = 4; lastKnownFileType = sourcecode.c.objc; path = SYIToast.m; sourceTree = "<group>"; };
		044D9DE320B6954300A9A519 /* HHConstant.swift */ = {isa = PBXFileReference; lastKnownFileType = sourcecode.swift; path = HHConstant.swift; sourceTree = "<group>"; };
		044E979220AEDF1200114530 /* LoanCell.swift */ = {isa = PBXFileReference; fileEncoding = 4; lastKnownFileType = sourcecode.swift; path = LoanCell.swift; sourceTree = "<group>"; };
		044E979420AEDF8400114530 /* CGRect+Extension.swift */ = {isa = PBXFileReference; fileEncoding = 4; lastKnownFileType = sourcecode.swift; path = "CGRect+Extension.swift"; sourceTree = "<group>"; };
		044F179C20B91D4700BFF5CB /* ZJNoticeView.swift */ = {isa = PBXFileReference; fileEncoding = 4; lastKnownFileType = sourcecode.swift; path = ZJNoticeView.swift; sourceTree = "<group>"; };
		044F179E20B91D6300BFF5CB /* ZJAutoScrollLabel.swift */ = {isa = PBXFileReference; fileEncoding = 4; lastKnownFileType = sourcecode.swift; path = ZJAutoScrollLabel.swift; sourceTree = "<group>"; };
		044F17A320B927F200BFF5CB /* ASAdverRollView.h */ = {isa = PBXFileReference; fileEncoding = 4; lastKnownFileType = sourcecode.c.h; path = ASAdverRollView.h; sourceTree = "<group>"; };
		044F17A420B927F200BFF5CB /* ASAdverRollView.m */ = {isa = PBXFileReference; fileEncoding = 4; lastKnownFileType = sourcecode.c.objc; path = ASAdverRollView.m; sourceTree = "<group>"; };
		044FA73520B3EE7700497CE9 /* UpdateNameViewController.swift */ = {isa = PBXFileReference; lastKnownFileType = sourcecode.swift; path = UpdateNameViewController.swift; sourceTree = "<group>"; };
		044FA73720B421B400497CE9 /* IDCardViewController.swift */ = {isa = PBXFileReference; lastKnownFileType = sourcecode.swift; path = IDCardViewController.swift; sourceTree = "<group>"; };
		044FE45120DCFB2B001FBC7A /* ProtocolViewController.swift */ = {isa = PBXFileReference; lastKnownFileType = sourcecode.swift; path = ProtocolViewController.swift; sourceTree = "<group>"; };
		0450BB0220B56758002780DA /* WebViewController.swift */ = {isa = PBXFileReference; lastKnownFileType = sourcecode.swift; path = WebViewController.swift; sourceTree = "<group>"; };
		0451298A20BFD4CD005D8971 /* ScrollActionView.h */ = {isa = PBXFileReference; fileEncoding = 4; lastKnownFileType = sourcecode.c.h; name = ScrollActionView.h; path = ../../../../../Desktop/WebTest/WebTest/source/scrollmenu/ScrollActionView.h; sourceTree = "<group>"; };
		0451298B20BFD4CD005D8971 /* ScrollActionView.m */ = {isa = PBXFileReference; fileEncoding = 4; lastKnownFileType = sourcecode.c.objc; name = ScrollActionView.m; path = ../../../../../Desktop/WebTest/WebTest/source/scrollmenu/ScrollActionView.m; sourceTree = "<group>"; };
		0451298D20BFECFB005D8971 /* UIScrollView.m */ = {isa = PBXFileReference; lastKnownFileType = sourcecode.c.objc; path = UIScrollView.m; sourceTree = "<group>"; };
		0451298F20BFED12005D8971 /* UIScrollView.h */ = {isa = PBXFileReference; lastKnownFileType = sourcecode.c.h; path = UIScrollView.h; sourceTree = "<group>"; };
		045202A720ABDE9C008E181C /* TabBarController.swift */ = {isa = PBXFileReference; fileEncoding = 4; lastKnownFileType = sourcecode.swift; path = TabBarController.swift; sourceTree = "<group>"; };
		045202F820ABF3A9008E181C /* MainController.swift */ = {isa = PBXFileReference; fileEncoding = 4; lastKnownFileType = sourcecode.swift; path = MainController.swift; sourceTree = "<group>"; };
		045202FA20ABF3B9008E181C /* DrawerMenuController.swift */ = {isa = PBXFileReference; fileEncoding = 4; lastKnownFileType = sourcecode.swift; path = DrawerMenuController.swift; sourceTree = "<group>"; };
		045202FC20ABF47F008E181C /* UIButton+Extension.swift */ = {isa = PBXFileReference; fileEncoding = 4; lastKnownFileType = sourcecode.swift; path = "UIButton+Extension.swift"; sourceTree = "<group>"; };
		045202FE20ABF47F008E181C /* UIFont+Extension.swift */ = {isa = PBXFileReference; fileEncoding = 4; lastKnownFileType = sourcecode.swift; path = "UIFont+Extension.swift"; sourceTree = "<group>"; };
		045202FF20ABF47F008E181C /* UIColor+Extension.swift */ = {isa = PBXFileReference; fileEncoding = 4; lastKnownFileType = sourcecode.swift; path = "UIColor+Extension.swift"; sourceTree = "<group>"; };
		0452030420ABF49B008E181C /* Header.swift */ = {isa = PBXFileReference; fileEncoding = 4; lastKnownFileType = sourcecode.swift; path = Header.swift; sourceTree = "<group>"; };
		0452030520ABF49C008E181C /* BackButton.swift */ = {isa = PBXFileReference; fileEncoding = 4; lastKnownFileType = sourcecode.swift; path = BackButton.swift; sourceTree = "<group>"; };
		0452030820ABF4C3008E181C /* NavigationController.swift */ = {isa = PBXFileReference; fileEncoding = 4; lastKnownFileType = sourcecode.swift; path = NavigationController.swift; sourceTree = "<group>"; };
		0452225120AA77C7005AB69E /* AboutUsViewController.swift */ = {isa = PBXFileReference; lastKnownFileType = sourcecode.swift; path = AboutUsViewController.swift; sourceTree = "<group>"; };
		0452225320AA7D6F005AB69E /* CustomerServiceViewController.swift */ = {isa = PBXFileReference; lastKnownFileType = sourcecode.swift; path = CustomerServiceViewController.swift; sourceTree = "<group>"; };
		045552D220DB87DD0024668F /* InfoSave.swift */ = {isa = PBXFileReference; lastKnownFileType = sourcecode.swift; path = InfoSave.swift; sourceTree = "<group>"; };
		04556CC520AD2BE300B48E54 /* RightButton.swift */ = {isa = PBXFileReference; lastKnownFileType = sourcecode.swift; path = RightButton.swift; sourceTree = "<group>"; };
		04556CC720AD2E4E00B48E54 /* BaseViewController.swift */ = {isa = PBXFileReference; lastKnownFileType = sourcecode.swift; path = BaseViewController.swift; sourceTree = "<group>"; };
		04556CD720AD3C8200B48E54 /* Loan-Bridging-Header.h */ = {isa = PBXFileReference; lastKnownFileType = sourcecode.c.h; path = "Loan-Bridging-Header.h"; sourceTree = "<group>"; };
		047E0ACA20D35E7800FDE00F /* LoginViewController.swift */ = {isa = PBXFileReference; lastKnownFileType = sourcecode.swift; path = LoginViewController.swift; sourceTree = "<group>"; };
		047E0ACC20D3668400FDE00F /* WeekNewViewController.swift */ = {isa = PBXFileReference; lastKnownFileType = sourcecode.swift; path = WeekNewViewController.swift; sourceTree = "<group>"; };
		047E0ACE20D36E5900FDE00F /* WeekHotViewController.swift */ = {isa = PBXFileReference; lastKnownFileType = sourcecode.swift; path = WeekHotViewController.swift; sourceTree = "<group>"; };
		047E0AD020D36ED500FDE00F /* WeekBestViewController.swift */ = {isa = PBXFileReference; lastKnownFileType = sourcecode.swift; path = WeekBestViewController.swift; sourceTree = "<group>"; };
		0481168A20D0C77400644CDE /* LYEmptyViewHeader.h */ = {isa = PBXFileReference; fileEncoding = 4; lastKnownFileType = sourcecode.c.h; path = LYEmptyViewHeader.h; sourceTree = "<group>"; };
		0481168B20D0C77400644CDE /* LYEmptyBaseView.m */ = {isa = PBXFileReference; fileEncoding = 4; lastKnownFileType = sourcecode.c.objc; path = LYEmptyBaseView.m; sourceTree = "<group>"; };
		0481168C20D0C77400644CDE /* LYEmptyView.h */ = {isa = PBXFileReference; fileEncoding = 4; lastKnownFileType = sourcecode.c.h; path = LYEmptyView.h; sourceTree = "<group>"; };
		0481168D20D0C77400644CDE /* LYEmptyBaseView.h */ = {isa = PBXFileReference; fileEncoding = 4; lastKnownFileType = sourcecode.c.h; path = LYEmptyBaseView.h; sourceTree = "<group>"; };
		0481168E20D0C77400644CDE /* UIView+LYExtension.h */ = {isa = PBXFileReference; fileEncoding = 4; lastKnownFileType = sourcecode.c.h; path = "UIView+LYExtension.h"; sourceTree = "<group>"; };
		0481168F20D0C77500644CDE /* MyDIYEmpty.h */ = {isa = PBXFileReference; fileEncoding = 4; lastKnownFileType = sourcecode.c.h; path = MyDIYEmpty.h; sourceTree = "<group>"; };
		0481169020D0C77500644CDE /* UIView+Empty.m */ = {isa = PBXFileReference; fileEncoding = 4; lastKnownFileType = sourcecode.c.objc; path = "UIView+Empty.m"; sourceTree = "<group>"; };
		0481169120D0C77500644CDE /* LYEmptyView.m */ = {isa = PBXFileReference; fileEncoding = 4; lastKnownFileType = sourcecode.c.objc; path = LYEmptyView.m; sourceTree = "<group>"; };
		0481169220D0C77500644CDE /* UIView+Empty.h */ = {isa = PBXFileReference; fileEncoding = 4; lastKnownFileType = sourcecode.c.h; path = "UIView+Empty.h"; sourceTree = "<group>"; };
		0481169320D0C77500644CDE /* MyDIYEmpty.m */ = {isa = PBXFileReference; fileEncoding = 4; lastKnownFileType = sourcecode.c.objc; path = MyDIYEmpty.m; sourceTree = "<group>"; };
		0481169420D0C77500644CDE /* UIView+LYExtension.m */ = {isa = PBXFileReference; fileEncoding = 4; lastKnownFileType = sourcecode.c.objc; path = "UIView+LYExtension.m"; sourceTree = "<group>"; };
		048665FD20C8DE8E00BF4DED /* WeekHot.swift */ = {isa = PBXFileReference; fileEncoding = 4; lastKnownFileType = sourcecode.swift; path = WeekHot.swift; sourceTree = "<group>"; };
		048665FE20C8DE8E00BF4DED /* Banner.swift */ = {isa = PBXFileReference; fileEncoding = 4; lastKnownFileType = sourcecode.swift; path = Banner.swift; sourceTree = "<group>"; };
		048665FF20C8DE8E00BF4DED /* Radio.swift */ = {isa = PBXFileReference; fileEncoding = 4; lastKnownFileType = sourcecode.swift; path = Radio.swift; sourceTree = "<group>"; };
		0486660020C8DE8E00BF4DED /* WeekNew.swift */ = {isa = PBXFileReference; fileEncoding = 4; lastKnownFileType = sourcecode.swift; path = WeekNew.swift; sourceTree = "<group>"; };
		0486660620C8DEC400BF4DED /* NetworkService.swift */ = {isa = PBXFileReference; fileEncoding = 4; lastKnownFileType = sourcecode.swift; path = NetworkService.swift; sourceTree = "<group>"; };
		0486660820C92AA400BF4DED /* DetilViewController.swift */ = {isa = PBXFileReference; lastKnownFileType = sourcecode.swift; path = DetilViewController.swift; sourceTree = "<group>"; };
		0486660A20C941EC00BF4DED /* Detil.swift */ = {isa = PBXFileReference; lastKnownFileType = sourcecode.swift; path = Detil.swift; sourceTree = "<group>"; };
		04939EF220BECD6000996C54 /* GFScrollMenView.m */ = {isa = PBXFileReference; fileEncoding = 4; lastKnownFileType = sourcecode.c.objc; path = GFScrollMenView.m; sourceTree = "<group>"; };
		04960B0C20A98471007B58D8 /* SettingViewController.swift */ = {isa = PBXFileReference; lastKnownFileType = sourcecode.swift; path = SettingViewController.swift; sourceTree = "<group>"; };
		049615A620CCD260003F6C63 /* Query.swift */ = {isa = PBXFileReference; lastKnownFileType = sourcecode.swift; path = Query.swift; sourceTree = "<group>"; };
		049615A820CE1370003F6C63 /* NotificationHelper.swift */ = {isa = PBXFileReference; lastKnownFileType = sourcecode.swift; path = NotificationHelper.swift; sourceTree = "<group>"; };
		049615AA20CE642B003F6C63 /* WeekSpeed.swift */ = {isa = PBXFileReference; lastKnownFileType = sourcecode.swift; path = WeekSpeed.swift; sourceTree = "<group>"; };
		049A8F7720CF6C38007BB263 /* CustomLayout.swift */ = {isa = PBXFileReference; fileEncoding = 4; lastKnownFileType = sourcecode.swift; path = CustomLayout.swift; sourceTree = "<group>"; };
		049A8F7820CF6C38007BB263 /* CollectionViewCell.swift */ = {isa = PBXFileReference; fileEncoding = 4; lastKnownFileType = sourcecode.swift; path = CollectionViewCell.swift; sourceTree = "<group>"; };
		049A8F8720CFD8D2007BB263 /* PrefixHeader.pch */ = {isa = PBXFileReference; lastKnownFileType = sourcecode.c.h; path = PrefixHeader.pch; sourceTree = "<group>"; };
		049A8F8820CFD934007BB263 /* MoreDropDownMenuRowCell.h */ = {isa = PBXFileReference; fileEncoding = 4; lastKnownFileType = sourcecode.c.h; path = MoreDropDownMenuRowCell.h; sourceTree = "<group>"; };
		049A8F8920CFD934007BB263 /* MoreDropDownMenu.m */ = {isa = PBXFileReference; fileEncoding = 4; lastKnownFileType = sourcecode.c.objc; path = MoreDropDownMenu.m; sourceTree = "<group>"; };
		049A8F8A20CFD934007BB263 /* MoreDropDownMenuRowCell.m */ = {isa = PBXFileReference; fileEncoding = 4; lastKnownFileType = sourcecode.c.objc; path = MoreDropDownMenuRowCell.m; sourceTree = "<group>"; };
		049A8F8B20CFD934007BB263 /* MoreDropDownMenu.h */ = {isa = PBXFileReference; fileEncoding = 4; lastKnownFileType = sourcecode.c.h; path = MoreDropDownMenu.h; sourceTree = "<group>"; };
		049A8F8F20CFD94D007BB263 /* NSArray+ZMAdd.h */ = {isa = PBXFileReference; fileEncoding = 4; lastKnownFileType = sourcecode.c.h; path = "NSArray+ZMAdd.h"; sourceTree = "<group>"; };
		049A8F9020CFD94D007BB263 /* NSArray+ZMAdd.m */ = {isa = PBXFileReference; fileEncoding = 4; lastKnownFileType = sourcecode.c.objc; path = "NSArray+ZMAdd.m"; sourceTree = "<group>"; };
		049DB4D820C5427A004BE618 /* IWBusinessCategorySV.h */ = {isa = PBXFileReference; fileEncoding = 4; lastKnownFileType = sourcecode.c.h; path = IWBusinessCategorySV.h; sourceTree = "<group>"; };
		049DB4D920C5427A004BE618 /* IWBusinessCategorySV.m */ = {isa = PBXFileReference; fileEncoding = 4; lastKnownFileType = sourcecode.c.objc; path = IWBusinessCategorySV.m; sourceTree = "<group>"; };
		049DB4DA20C5427A004BE618 /* IWItemButton.m */ = {isa = PBXFileReference; fileEncoding = 4; lastKnownFileType = sourcecode.c.objc; path = IWItemButton.m; sourceTree = "<group>"; };
		049DB4DB20C5427A004BE618 /* IWItemButton.h */ = {isa = PBXFileReference; fileEncoding = 4; lastKnownFileType = sourcecode.c.h; path = IWItemButton.h; sourceTree = "<group>"; };
		04A083F320C3070B002C7386 /* SCCycleScrollView.swift */ = {isa = PBXFileReference; fileEncoding = 4; lastKnownFileType = sourcecode.swift; path = SCCycleScrollView.swift; sourceTree = "<group>"; };
		04A083F420C3070B002C7386 /* SCCycleScrollViewCell.swift */ = {isa = PBXFileReference; fileEncoding = 4; lastKnownFileType = sourcecode.swift; path = SCCycleScrollViewCell.swift; sourceTree = "<group>"; };
		04D15D3320AAF86500A33F5B /* BackViewController.swift */ = {isa = PBXFileReference; fileEncoding = 4; lastKnownFileType = sourcecode.swift; path = BackViewController.swift; sourceTree = "<group>"; };
		04EA971A20B7E50400BC12C3 /* WKJSPOST.html */ = {isa = PBXFileReference; fileEncoding = 4; lastKnownFileType = text.html; path = WKJSPOST.html; sourceTree = "<group>"; };
		04EA971B20B7E50400BC12C3 /* WkwebViewConfig.swift */ = {isa = PBXFileReference; fileEncoding = 4; lastKnownFileType = sourcecode.swift; path = WkwebViewConfig.swift; sourceTree = "<group>"; };
		04EA971C20B7E50400BC12C3 /* WebView.swift */ = {isa = PBXFileReference; fileEncoding = 4; lastKnownFileType = sourcecode.swift; path = WebView.swift; sourceTree = "<group>"; };
		04EA972020B7E51D00BC12C3 /* UIBarButtonItem+Extension.swift */ = {isa = PBXFileReference; fileEncoding = 4; lastKnownFileType = sourcecode.swift; path = "UIBarButtonItem+Extension.swift"; sourceTree = "<group>"; };
		04EA972220B7E51D00BC12C3 /* String+Extension.swift */ = {isa = PBXFileReference; fileEncoding = 4; lastKnownFileType = sourcecode.swift; path = "String+Extension.swift"; sourceTree = "<group>"; };
		04ECEAE820B8664F001DFD1B /* GFScrollMenView.h */ = {isa = PBXFileReference; fileEncoding = 4; lastKnownFileType = sourcecode.c.h; path = GFScrollMenView.h; sourceTree = "<group>"; };
		04ECEAEB20B89BE9001DFD1B /* Assets.xcassets */ = {isa = PBXFileReference; lastKnownFileType = folder.assetcatalog; path = Assets.xcassets; sourceTree = "<group>"; };
		3746A3A3E7F0E004FCC250EC /* Pods-Loan.release.xcconfig */ = {isa = PBXFileReference; includeInIndex = 1; lastKnownFileType = text.xcconfig; name = "Pods-Loan.release.xcconfig"; path = "Pods/Target Support Files/Pods-Loan/Pods-Loan.release.xcconfig"; sourceTree = "<group>"; };
		B5FC0BFA4CB3D541F01922CF /* Pods-Loan.debug.xcconfig */ = {isa = PBXFileReference; includeInIndex = 1; lastKnownFileType = text.xcconfig; name = "Pods-Loan.debug.xcconfig"; path = "Pods/Target Support Files/Pods-Loan/Pods-Loan.debug.xcconfig"; sourceTree = "<group>"; };
		BB364E3F5C18939114632395 /* Pods_Loan.framework */ = {isa = PBXFileReference; explicitFileType = wrapper.framework; includeInIndex = 0; path = Pods_Loan.framework; sourceTree = BUILT_PRODUCTS_DIR; };
/* End PBXFileReference section */

/* Begin PBXFrameworksBuildPhase section */
		0419358120A55D03006D5CF3 /* Frameworks */ = {
			isa = PBXFrameworksBuildPhase;
			buildActionMask = 2147483647;
			files = (
				D5D8D6C268815F89B289657E /* Pods_Loan.framework in Frameworks */,
			);
			runOnlyForDeploymentPostprocessing = 0;
		};
/* End PBXFrameworksBuildPhase section */

/* Begin PBXGroup section */
		0410107120B2C24A0066903C /* citypicker */ = {
			isa = PBXGroup;
			children = (
				0410108920B2CD240066903C /* AddressPickerHeader.h */,
				0410108720B2CD240066903C /* city.plist */,
				0410108520B2CD230066903C /* CZHAddressPickerView.h */,
				0410108220B2CD230066903C /* CZHAddressPickerView.m */,
				0410108320B2CD230066903C /* UIButton+CZHExtension.h */,
				0410108620B2CD240066903C /* UIButton+CZHExtension.m */,
				0410108820B2CD240066903C /* UIView+CZHExtension.h */,
				0410108420B2CD230066903C /* UIView+CZHExtension.m */,
			);
			path = citypicker;
			sourceTree = "<group>";
		};
		0419357B20A55D03006D5CF3 = {
			isa = PBXGroup;
			children = (
				0419358620A55D03006D5CF3 /* Loan */,
				0419358520A55D03006D5CF3 /* Products */,
				F2308B0536BDB4ADAFAD4643 /* Pods */,
				DE0779B18F9B9CFED2C683CE /* Frameworks */,
			);
			sourceTree = "<group>";
		};
		0419358520A55D03006D5CF3 /* Products */ = {
			isa = PBXGroup;
			children = (
				0419358420A55D03006D5CF3 /* Loan.app */,
			);
			name = Products;
			sourceTree = "<group>";
		};
		0419358620A55D03006D5CF3 /* Loan */ = {
			isa = PBXGroup;
			children = (
				04556CC920AD378300B48E54 /* source */,
				0486660520C8DEA600BF4DED /* network */,
				048665FC20C8DE1D00BF4DED /* moudel */,
				0419359D20A55F57006D5CF3 /* fragment */,
				0452225020AA776F005AB69E /* view */,
				0452225520AA81BF005AB69E /* base */,
				0452225820AAA206005AB69E /* cell */,
				045202F720ABF395008E181C /* main */,
				0419358B20A55D03006D5CF3 /* Main.storyboard */,
				04ECEAEB20B89BE9001DFD1B /* Assets.xcassets */,
				0419358720A55D03006D5CF3 /* AppDelegate.swift */,
				049A8F8720CFD8D2007BB263 /* PrefixHeader.pch */,
				0419359020A55D04006D5CF3 /* LaunchScreen.storyboard */,
				0419359320A55D04006D5CF3 /* Info.plist */,
				04556CD720AD3C8200B48E54 /* Loan-Bridging-Header.h */,
				049615A820CE1370003F6C63 /* NotificationHelper.swift */,
			);
			path = Loan;
			sourceTree = "<group>";
		};
		0419359D20A55F57006D5CF3 /* fragment */ = {
			isa = PBXGroup;
			children = (
				0419359E20A55F70006D5CF3 /* HomeFragmentVC.swift */,
				041935A020A55F7F006D5CF3 /* LoanFragmentVC.swift */,
				041935A220A55F8E006D5CF3 /* MineFragmentVC.swift */,
			);
			path = fragment;
			sourceTree = "<group>";
		};
		041935A920A56BBE006D5CF3 /* dropmenu */ = {
			isa = PBXGroup;
			children = (
				049A8F8E20CFD938007BB263 /* tool */,
				049A8F8B20CFD934007BB263 /* MoreDropDownMenu.h */,
				049A8F8920CFD934007BB263 /* MoreDropDownMenu.m */,
				049A8F8820CFD934007BB263 /* MoreDropDownMenuRowCell.h */,
				049A8F8A20CFD934007BB263 /* MoreDropDownMenuRowCell.m */,
			);
			path = dropmenu;
			sourceTree = "<group>";
		};
		044D9DD820B66EDB00A9A519 /* webview */ = {
			isa = PBXGroup;
			children = (
				04EA971C20B7E50400BC12C3 /* WebView.swift */,
				04EA971A20B7E50400BC12C3 /* WKJSPOST.html */,
				04EA971B20B7E50400BC12C3 /* WkwebViewConfig.swift */,
			);
			path = webview;
			sourceTree = "<group>";
		};
		044D9DDC20B6886000A9A519 /* toast */ = {
			isa = PBXGroup;
			children = (
				044D9DDF20B6887500A9A519 /* SYIToast+SYCategory.h */,
				044D9DDE20B6887500A9A519 /* SYIToast+SYCategory.m */,
				044D9DDD20B6887400A9A519 /* SYIToast.h */,
				044D9DE020B6887500A9A519 /* SYIToast.m */,
			);
			path = toast;
			sourceTree = "<group>";
		};
		044F179720B91A7E00BFF5CB /* rollingView */ = {
			isa = PBXGroup;
			children = (
				044F179E20B91D6300BFF5CB /* ZJAutoScrollLabel.swift */,
				044F179C20B91D4700BFF5CB /* ZJNoticeView.swift */,
				044F17A320B927F200BFF5CB /* ASAdverRollView.h */,
				044F17A420B927F200BFF5CB /* ASAdverRollView.m */,
			);
			path = rollingView;
			sourceTree = "<group>";
		};
		045202AB20ABDECC008E181C /* Extension */ = {
			isa = PBXGroup;
			children = (
				04EA972220B7E51D00BC12C3 /* String+Extension.swift */,
				04EA972020B7E51D00BC12C3 /* UIBarButtonItem+Extension.swift */,
				0410106F20B2ACBC0066903C /* UIView+Extension.swift */,
				044E979420AEDF8400114530 /* CGRect+Extension.swift */,
				045202FC20ABF47F008E181C /* UIButton+Extension.swift */,
				045202FF20ABF47F008E181C /* UIColor+Extension.swift */,
				045202FE20ABF47F008E181C /* UIFont+Extension.swift */,
			);
			path = Extension;
			sourceTree = "<group>";
		};
		045202F720ABF395008E181C /* main */ = {
			isa = PBXGroup;
			children = (
				045202F820ABF3A9008E181C /* MainController.swift */,
				045202A720ABDE9C008E181C /* TabBarController.swift */,
				045202FA20ABF3B9008E181C /* DrawerMenuController.swift */,
			);
			path = main;
			sourceTree = "<group>";
		};
		0452225020AA776F005AB69E /* view */ = {
			isa = PBXGroup;
			children = (
				0419359B20A55F4C006D5CF3 /* GuideViewController.swift */,
				04960B0C20A98471007B58D8 /* SettingViewController.swift */,
				0452225120AA77C7005AB69E /* AboutUsViewController.swift */,
				0452225320AA7D6F005AB69E /* CustomerServiceViewController.swift */,
				0410106D20B262750066903C /* UserInfoViewController.swift */,
				044FA73520B3EE7700497CE9 /* UpdateNameViewController.swift */,
				044FA73720B421B400497CE9 /* IDCardViewController.swift */,
				0450BB0220B56758002780DA /* WebViewController.swift */,
				0486660820C92AA400BF4DED /* DetilViewController.swift */,
				047E0ACA20D35E7800FDE00F /* LoginViewController.swift */,
				047E0ACC20D3668400FDE00F /* WeekNewViewController.swift */,
				047E0AD020D36ED500FDE00F /* WeekBestViewController.swift */,
				047E0ACE20D36E5900FDE00F /* WeekHotViewController.swift */,
				044FE45120DCFB2B001FBC7A /* ProtocolViewController.swift */,
			);
			path = view;
			sourceTree = "<group>";
		};
		0452225520AA81BF005AB69E /* base */ = {
			isa = PBXGroup;
			children = (
				045202AB20ABDECC008E181C /* Extension */,
				0452030820ABF4C3008E181C /* NavigationController.swift */,
				04D15D3320AAF86500A33F5B /* BackViewController.swift */,
				0452030520ABF49C008E181C /* BackButton.swift */,
				0452030420ABF49B008E181C /* Header.swift */,
				04556CC520AD2BE300B48E54 /* RightButton.swift */,
				04556CC720AD2E4E00B48E54 /* BaseViewController.swift */,
				044D9DE320B6954300A9A519 /* HHConstant.swift */,
			);
			path = base;
			sourceTree = "<group>";
		};
		0452225820AAA206005AB69E /* cell */ = {
			isa = PBXGroup;
			children = (
				049A8F7820CF6C38007BB263 /* CollectionViewCell.swift */,
				049A8F7720CF6C38007BB263 /* CustomLayout.swift */,
				044E979220AEDF1200114530 /* LoanCell.swift */,
			);
			path = cell;
			sourceTree = "<group>";
		};
		04556CC920AD378300B48E54 /* source */ = {
			isa = PBXGroup;
			children = (
				0481168920D0C6F800644CDE /* emptyView */,
				048665FB20C8DE0100BF4DED /* scrollview */,
				04A083F220C306F9002C7386 /* banner */,
				044F179720B91A7E00BFF5CB /* rollingView */,
				04ECEAE220B8642E001DFD1B /* scrollmenu */,
				044D9DDC20B6886000A9A519 /* toast */,
				044D9DD820B66EDB00A9A519 /* webview */,
				0410107120B2C24A0066903C /* citypicker */,
				041935A920A56BBE006D5CF3 /* dropmenu */,
			);
			path = source;
			sourceTree = "<group>";
		};
		0481168920D0C6F800644CDE /* emptyView */ = {
			isa = PBXGroup;
			children = (
				0481168D20D0C77400644CDE /* LYEmptyBaseView.h */,
				0481168B20D0C77400644CDE /* LYEmptyBaseView.m */,
				0481168C20D0C77400644CDE /* LYEmptyView.h */,
				0481169120D0C77500644CDE /* LYEmptyView.m */,
				0481168A20D0C77400644CDE /* LYEmptyViewHeader.h */,
				0481168F20D0C77500644CDE /* MyDIYEmpty.h */,
				0481169320D0C77500644CDE /* MyDIYEmpty.m */,
				0481169220D0C77500644CDE /* UIView+Empty.h */,
				0481169020D0C77500644CDE /* UIView+Empty.m */,
				0481168E20D0C77400644CDE /* UIView+LYExtension.h */,
				0481169420D0C77500644CDE /* UIView+LYExtension.m */,
			);
			path = emptyView;
			sourceTree = "<group>";
		};
		048665FB20C8DE0100BF4DED /* scrollview */ = {
			isa = PBXGroup;
			children = (
				0451298D20BFECFB005D8971 /* UIScrollView.m */,
				0451298F20BFED12005D8971 /* UIScrollView.h */,
			);
			path = scrollview;
			sourceTree = "<group>";
		};
		048665FC20C8DE1D00BF4DED /* moudel */ = {
			isa = PBXGroup;
			children = (
				048665FE20C8DE8E00BF4DED /* Banner.swift */,
				048665FF20C8DE8E00BF4DED /* Radio.swift */,
				048665FD20C8DE8E00BF4DED /* WeekHot.swift */,
				0486660020C8DE8E00BF4DED /* WeekNew.swift */,
				049615AA20CE642B003F6C63 /* WeekSpeed.swift */,
				0486660A20C941EC00BF4DED /* Detil.swift */,
				049615A620CCD260003F6C63 /* Query.swift */,
				0443B52A20D8D0FA00F094CC /* Login.swift */,
				0443B52C20D8D32C00F094CC /* AuthCode.swift */,
				0443B52E20D8ECD300F094CC /* CheckToken.swift */,
				042336A720DA4D0A00108E55 /* UserInfo.swift */,
				045552D220DB87DD0024668F /* InfoSave.swift */,
			);
			path = moudel;
			sourceTree = "<group>";
		};
		0486660520C8DEA600BF4DED /* network */ = {
			isa = PBXGroup;
			children = (
				0486660620C8DEC400BF4DED /* NetworkService.swift */,
				042336A520DA11DF00108E55 /* WebService.swift */,
			);
			path = network;
			sourceTree = "<group>";
		};
		049A8F8E20CFD938007BB263 /* tool */ = {
			isa = PBXGroup;
			children = (
				049A8F8F20CFD94D007BB263 /* NSArray+ZMAdd.h */,
				049A8F9020CFD94D007BB263 /* NSArray+ZMAdd.m */,
			);
			path = tool;
			sourceTree = "<group>";
		};
		04A083F220C306F9002C7386 /* banner */ = {
			isa = PBXGroup;
			children = (
				04A083F320C3070B002C7386 /* SCCycleScrollView.swift */,
				04A083F420C3070B002C7386 /* SCCycleScrollViewCell.swift */,
			);
			path = banner;
			sourceTree = "<group>";
		};
		04ECEAE220B8642E001DFD1B /* scrollmenu */ = {
			isa = PBXGroup;
			children = (
				049DB4D820C5427A004BE618 /* IWBusinessCategorySV.h */,
				049DB4D920C5427A004BE618 /* IWBusinessCategorySV.m */,
				049DB4DB20C5427A004BE618 /* IWItemButton.h */,
				049DB4DA20C5427A004BE618 /* IWItemButton.m */,
				04ECEAE820B8664F001DFD1B /* GFScrollMenView.h */,
				04939EF220BECD6000996C54 /* GFScrollMenView.m */,
				0451298A20BFD4CD005D8971 /* ScrollActionView.h */,
				0451298B20BFD4CD005D8971 /* ScrollActionView.m */,
			);
			path = scrollmenu;
			sourceTree = "<group>";
		};
		DE0779B18F9B9CFED2C683CE /* Frameworks */ = {
			isa = PBXGroup;
			children = (
				BB364E3F5C18939114632395 /* Pods_Loan.framework */,
			);
			name = Frameworks;
			sourceTree = "<group>";
		};
		F2308B0536BDB4ADAFAD4643 /* Pods */ = {
			isa = PBXGroup;
			children = (
				B5FC0BFA4CB3D541F01922CF /* Pods-Loan.debug.xcconfig */,
				3746A3A3E7F0E004FCC250EC /* Pods-Loan.release.xcconfig */,
			);
			name = Pods;
			sourceTree = "<group>";
		};
/* End PBXGroup section */

/* Begin PBXNativeTarget section */
		0419358320A55D03006D5CF3 /* Loan */ = {
			isa = PBXNativeTarget;
			buildConfigurationList = 0419359620A55D04006D5CF3 /* Build configuration list for PBXNativeTarget "Loan" */;
			buildPhases = (
				52537851566B8725C7861AFA /* [CP] Check Pods Manifest.lock */,
				0419358020A55D03006D5CF3 /* Sources */,
				0419358120A55D03006D5CF3 /* Frameworks */,
				0419358220A55D03006D5CF3 /* Resources */,
				C5DD8AF708DBCD6AC4FD4DEB /* [CP] Embed Pods Frameworks */,
			);
			buildRules = (
			);
			dependencies = (
			);
			name = Loan;
			productName = Loan;
			productReference = 0419358420A55D03006D5CF3 /* Loan.app */;
			productType = "com.apple.product-type.application";
		};
/* End PBXNativeTarget section */

/* Begin PBXProject section */
		0419357C20A55D03006D5CF3 /* Project object */ = {
			isa = PBXProject;
			attributes = {
				LastSwiftUpdateCheck = 0930;
				LastUpgradeCheck = 0930;
				ORGANIZATIONNAME = kbfoo;
				TargetAttributes = {
					0419358320A55D03006D5CF3 = {
						CreatedOnToolsVersion = 9.3.1;
						LastSwiftMigration = 0930;
					};
				};
			};
			buildConfigurationList = 0419357F20A55D03006D5CF3 /* Build configuration list for PBXProject "Loan" */;
			compatibilityVersion = "Xcode 9.3";
			developmentRegion = en;
			hasScannedForEncodings = 0;
			knownRegions = (
				en,
				Base,
			);
			mainGroup = 0419357B20A55D03006D5CF3;
			productRefGroup = 0419358520A55D03006D5CF3 /* Products */;
			projectDirPath = "";
			projectRoot = "";
			targets = (
				0419358320A55D03006D5CF3 /* Loan */,
			);
		};
/* End PBXProject section */

/* Begin PBXResourcesBuildPhase section */
		0419358220A55D03006D5CF3 /* Resources */ = {
			isa = PBXResourcesBuildPhase;
			buildActionMask = 2147483647;
			files = (
				04EA971D20B7E50400BC12C3 /* WKJSPOST.html in Resources */,
				04ECEAEC20B89BE9001DFD1B /* Assets.xcassets in Resources */,
				0419359220A55D04006D5CF3 /* LaunchScreen.storyboard in Resources */,
				0410108D20B2CD240066903C /* city.plist in Resources */,
				0419358D20A55D03006D5CF3 /* Main.storyboard in Resources */,
			);
			runOnlyForDeploymentPostprocessing = 0;
		};
/* End PBXResourcesBuildPhase section */

/* Begin PBXShellScriptBuildPhase section */
		52537851566B8725C7861AFA /* [CP] Check Pods Manifest.lock */ = {
			isa = PBXShellScriptBuildPhase;
			buildActionMask = 2147483647;
			files = (
			);
			inputPaths = (
				"${PODS_PODFILE_DIR_PATH}/Podfile.lock",
				"${PODS_ROOT}/Manifest.lock",
			);
			name = "[CP] Check Pods Manifest.lock";
			outputPaths = (
				"$(DERIVED_FILE_DIR)/Pods-Loan-checkManifestLockResult.txt",
			);
			runOnlyForDeploymentPostprocessing = 0;
			shellPath = /bin/sh;
			shellScript = "diff \"${PODS_PODFILE_DIR_PATH}/Podfile.lock\" \"${PODS_ROOT}/Manifest.lock\" > /dev/null\nif [ $? != 0 ] ; then\n    # print error to STDERR\n    echo \"error: The sandbox is not in sync with the Podfile.lock. Run 'pod install' or update your CocoaPods installation.\" >&2\n    exit 1\nfi\n# This output is used by Xcode 'outputs' to avoid re-running this script phase.\necho \"SUCCESS\" > \"${SCRIPT_OUTPUT_FILE_0}\"\n";
			showEnvVarsInLog = 0;
		};
		C5DD8AF708DBCD6AC4FD4DEB /* [CP] Embed Pods Frameworks */ = {
			isa = PBXShellScriptBuildPhase;
			buildActionMask = 2147483647;
			files = (
			);
			inputPaths = (
				"${SRCROOT}/Pods/Target Support Files/Pods-Loan/Pods-Loan-frameworks.sh",
				"${BUILT_PRODUCTS_DIR}/Alamofire/Alamofire.framework",
				"${BUILT_PRODUCTS_DIR}/EasyNavigation/EasyNavigation.framework",
				"${BUILT_PRODUCTS_DIR}/Kingfisher/Kingfisher.framework",
				"${BUILT_PRODUCTS_DIR}/LTAutoScrollView/LTAutoScrollView.framework",
				"${BUILT_PRODUCTS_DIR}/MBProgressHUD/MBProgressHUD.framework",
				"${BUILT_PRODUCTS_DIR}/MJRefresh/MJRefresh.framework",
				"${BUILT_PRODUCTS_DIR}/Masonry/Masonry.framework",
				"${BUILT_PRODUCTS_DIR}/Moya/Moya.framework",
				"${BUILT_PRODUCTS_DIR}/ObjectMapper/ObjectMapper.framework",
				"${BUILT_PRODUCTS_DIR}/Result/Result.framework",
				"${BUILT_PRODUCTS_DIR}/SDWebImage/SDWebImage.framework",
				"${BUILT_PRODUCTS_DIR}/SnapKit/SnapKit.framework",
			);
			name = "[CP] Embed Pods Frameworks";
			outputPaths = (
				"${TARGET_BUILD_DIR}/${FRAMEWORKS_FOLDER_PATH}/Alamofire.framework",
				"${TARGET_BUILD_DIR}/${FRAMEWORKS_FOLDER_PATH}/EasyNavigation.framework",
				"${TARGET_BUILD_DIR}/${FRAMEWORKS_FOLDER_PATH}/Kingfisher.framework",
				"${TARGET_BUILD_DIR}/${FRAMEWORKS_FOLDER_PATH}/LTAutoScrollView.framework",
				"${TARGET_BUILD_DIR}/${FRAMEWORKS_FOLDER_PATH}/MBProgressHUD.framework",
				"${TARGET_BUILD_DIR}/${FRAMEWORKS_FOLDER_PATH}/MJRefresh.framework",
				"${TARGET_BUILD_DIR}/${FRAMEWORKS_FOLDER_PATH}/Masonry.framework",
				"${TARGET_BUILD_DIR}/${FRAMEWORKS_FOLDER_PATH}/Moya.framework",
				"${TARGET_BUILD_DIR}/${FRAMEWORKS_FOLDER_PATH}/ObjectMapper.framework",
				"${TARGET_BUILD_DIR}/${FRAMEWORKS_FOLDER_PATH}/Result.framework",
				"${TARGET_BUILD_DIR}/${FRAMEWORKS_FOLDER_PATH}/SDWebImage.framework",
				"${TARGET_BUILD_DIR}/${FRAMEWORKS_FOLDER_PATH}/SnapKit.framework",
			);
			runOnlyForDeploymentPostprocessing = 0;
			shellPath = /bin/sh;
			shellScript = "\"${SRCROOT}/Pods/Target Support Files/Pods-Loan/Pods-Loan-frameworks.sh\"\n";
			showEnvVarsInLog = 0;
		};
/* End PBXShellScriptBuildPhase section */

/* Begin PBXSourcesBuildPhase section */
		0419358020A55D03006D5CF3 /* Sources */ = {
			isa = PBXSourcesBuildPhase;
			buildActionMask = 2147483647;
			files = (
				042336A820DA4D0A00108E55 /* UserInfo.swift in Sources */,
				04A083F620C3070B002C7386 /* SCCycleScrollViewCell.swift in Sources */,
				04D15D3420AAF86500A33F5B /* BackViewController.swift in Sources */,
				04EA971F20B7E50400BC12C3 /* WebView.swift in Sources */,
				045202FB20ABF3B9008E181C /* DrawerMenuController.swift in Sources */,
				044F179F20B91D6300BFF5CB /* ZJAutoScrollLabel.swift in Sources */,
				049615A920CE1370003F6C63 /* NotificationHelper.swift in Sources */,
				044FA73820B421B400497CE9 /* IDCardViewController.swift in Sources */,
				045202F920ABF3A9008E181C /* MainController.swift in Sources */,
				0410108B20B2CD240066903C /* UIView+CZHExtension.m in Sources */,
				0486660120C8DE8E00BF4DED /* WeekHot.swift in Sources */,
				0452030220ABF47F008E181C /* UIFont+Extension.swift in Sources */,
				0452030920ABF4C3008E181C /* NavigationController.swift in Sources */,
				047E0ACF20D36E5900FDE00F /* WeekHotViewController.swift in Sources */,
				044D9DE220B6887500A9A519 /* SYIToast.m in Sources */,
				047E0ACD20D3668400FDE00F /* WeekNewViewController.swift in Sources */,
				0443B52B20D8D0FA00F094CC /* Login.swift in Sources */,
				0452030320ABF47F008E181C /* UIColor+Extension.swift in Sources */,
				0481169820D0C77500644CDE /* MyDIYEmpty.m in Sources */,
				0443B52F20D8ECD300F094CC /* CheckToken.swift in Sources */,
				0451298E20BFECFB005D8971 /* UIScrollView.m in Sources */,
				045552D320DB87DD0024668F /* InfoSave.swift in Sources */,
				0419359F20A55F70006D5CF3 /* HomeFragmentVC.swift in Sources */,
				0452225220AA77C7005AB69E /* AboutUsViewController.swift in Sources */,
				0452030020ABF47F008E181C /* UIButton+Extension.swift in Sources */,
				04960B0D20A98471007B58D8 /* SettingViewController.swift in Sources */,
				04A083F520C3070B002C7386 /* SCCycleScrollView.swift in Sources */,
				045202A920ABDE9D008E181C /* TabBarController.swift in Sources */,
				047E0AD120D36ED500FDE00F /* WeekBestViewController.swift in Sources */,
				04EA972320B7E51D00BC12C3 /* UIBarButtonItem+Extension.swift in Sources */,
				0419359C20A55F4C006D5CF3 /* GuideViewController.swift in Sources */,
				044FA73620B3EE7700497CE9 /* UpdateNameViewController.swift in Sources */,
				0481169520D0C77500644CDE /* LYEmptyBaseView.m in Sources */,
				049A8F7A20CF6C38007BB263 /* CollectionViewCell.swift in Sources */,
				0451298C20BFD4CD005D8971 /* ScrollActionView.m in Sources */,
				049A8F8D20CFD934007BB263 /* MoreDropDownMenuRowCell.m in Sources */,
				0486660720C8DEC400BF4DED /* NetworkService.swift in Sources */,
				0410108C20B2CD240066903C /* UIButton+CZHExtension.m in Sources */,
				0486660B20C941EC00BF4DED /* Detil.swift in Sources */,
				049A8F9120CFD94D007BB263 /* NSArray+ZMAdd.m in Sources */,
				0410106E20B262750066903C /* UserInfoViewController.swift in Sources */,
				049DB4DD20C5427B004BE618 /* IWItemButton.m in Sources */,
				04939EF320BECD6000996C54 /* GFScrollMenView.m in Sources */,
				0410108A20B2CD240066903C /* CZHAddressPickerView.m in Sources */,
				0419358820A55D03006D5CF3 /* AppDelegate.swift in Sources */,
				049A8F8C20CFD934007BB263 /* MoreDropDownMenu.m in Sources */,
				049A8F7920CF6C38007BB263 /* CustomLayout.swift in Sources */,
				04556CC620AD2BE300B48E54 /* RightButton.swift in Sources */,
				049DB4DC20C5427B004BE618 /* IWBusinessCategorySV.m in Sources */,
				049615AB20CE642B003F6C63 /* WeekSpeed.swift in Sources */,
				0452030720ABF49C008E181C /* BackButton.swift in Sources */,
				041935A320A55F8E006D5CF3 /* MineFragmentVC.swift in Sources */,
				0486660220C8DE8E00BF4DED /* Banner.swift in Sources */,
				0443B52D20D8D32C00F094CC /* AuthCode.swift in Sources */,
				041935A120A55F7F006D5CF3 /* LoanFragmentVC.swift in Sources */,
				0481169620D0C77500644CDE /* UIView+Empty.m in Sources */,
				0410107020B2ACBC0066903C /* UIView+Extension.swift in Sources */,
				044FE45220DCFB2B001FBC7A /* ProtocolViewController.swift in Sources */,
				044D9DE120B6887500A9A519 /* SYIToast+SYCategory.m in Sources */,
				044D9DE420B6954300A9A519 /* HHConstant.swift in Sources */,
				0450BB0320B56758002780DA /* WebViewController.swift in Sources */,
				0481169720D0C77500644CDE /* LYEmptyView.m in Sources */,
				044E979320AEDF1200114530 /* LoanCell.swift in Sources */,
				0452030620ABF49C008E181C /* Header.swift in Sources */,
				0486660920C92AA400BF4DED /* DetilViewController.swift in Sources */,
				04EA972520B7E51D00BC12C3 /* String+Extension.swift in Sources */,
				042336A620DA11DF00108E55 /* WebService.swift in Sources */,
				049615A720CCD260003F6C63 /* Query.swift in Sources */,
				0486660420C8DE8E00BF4DED /* WeekNew.swift in Sources */,
				0452225420AA7D6F005AB69E /* CustomerServiceViewController.swift in Sources */,
				044F17A520B927F200BFF5CB /* ASAdverRollView.m in Sources */,
				044E979520AEDF8400114530 /* CGRect+Extension.swift in Sources */,
				0481169920D0C77500644CDE /* UIView+LYExtension.m in Sources */,
				044F179D20B91D4700BFF5CB /* ZJNoticeView.swift in Sources */,
				047E0ACB20D35E7800FDE00F /* LoginViewController.swift in Sources */,
				0486660320C8DE8E00BF4DED /* Radio.swift in Sources */,
				04556CC820AD2E4E00B48E54 /* BaseViewController.swift in Sources */,
				04EA971E20B7E50400BC12C3 /* WkwebViewConfig.swift in Sources */,
			);
			runOnlyForDeploymentPostprocessing = 0;
		};
/* End PBXSourcesBuildPhase section */

/* Begin PBXVariantGroup section */
		0419358B20A55D03006D5CF3 /* Main.storyboard */ = {
			isa = PBXVariantGroup;
			children = (
				0419358C20A55D03006D5CF3 /* Base */,
			);
			name = Main.storyboard;
			sourceTree = "<group>";
		};
		0419359020A55D04006D5CF3 /* LaunchScreen.storyboard */ = {
			isa = PBXVariantGroup;
			children = (
				0419359120A55D04006D5CF3 /* Base */,
			);
			name = LaunchScreen.storyboard;
			sourceTree = "<group>";
		};
/* End PBXVariantGroup section */

/* Begin XCBuildConfiguration section */
		0419359420A55D04006D5CF3 /* Debug */ = {
			isa = XCBuildConfiguration;
			buildSettings = {
				ALWAYS_SEARCH_USER_PATHS = NO;
				CLANG_ANALYZER_NONNULL = YES;
				CLANG_ANALYZER_NUMBER_OBJECT_CONVERSION = YES_AGGRESSIVE;
				CLANG_CXX_LANGUAGE_STANDARD = "gnu++14";
				CLANG_CXX_LIBRARY = "libc++";
				CLANG_ENABLE_MODULES = YES;
				CLANG_ENABLE_OBJC_ARC = YES;
				CLANG_ENABLE_OBJC_WEAK = YES;
				CLANG_WARN_BLOCK_CAPTURE_AUTORELEASING = YES;
				CLANG_WARN_BOOL_CONVERSION = YES;
				CLANG_WARN_COMMA = YES;
				CLANG_WARN_CONSTANT_CONVERSION = YES;
				CLANG_WARN_DEPRECATED_OBJC_IMPLEMENTATIONS = YES;
				CLANG_WARN_DIRECT_OBJC_ISA_USAGE = YES_ERROR;
				CLANG_WARN_DOCUMENTATION_COMMENTS = YES;
				CLANG_WARN_EMPTY_BODY = YES;
				CLANG_WARN_ENUM_CONVERSION = YES;
				CLANG_WARN_INFINITE_RECURSION = YES;
				CLANG_WARN_INT_CONVERSION = YES;
				CLANG_WARN_NON_LITERAL_NULL_CONVERSION = YES;
				CLANG_WARN_OBJC_IMPLICIT_RETAIN_SELF = YES;
				CLANG_WARN_OBJC_LITERAL_CONVERSION = YES;
				CLANG_WARN_OBJC_ROOT_CLASS = YES_ERROR;
				CLANG_WARN_RANGE_LOOP_ANALYSIS = YES;
				CLANG_WARN_STRICT_PROTOTYPES = YES;
				CLANG_WARN_SUSPICIOUS_MOVE = YES;
				CLANG_WARN_UNGUARDED_AVAILABILITY = YES_AGGRESSIVE;
				CLANG_WARN_UNREACHABLE_CODE = YES;
				CLANG_WARN__DUPLICATE_METHOD_MATCH = YES;
				CODE_SIGN_IDENTITY = "iPhone Developer";
				COPY_PHASE_STRIP = NO;
				DEBUG_INFORMATION_FORMAT = dwarf;
				DEFINES_MODULE = YES;
				ENABLE_STRICT_OBJC_MSGSEND = YES;
				ENABLE_TESTABILITY = YES;
				GCC_C_LANGUAGE_STANDARD = gnu11;
				GCC_DYNAMIC_NO_PIC = NO;
				GCC_NO_COMMON_BLOCKS = YES;
				GCC_OPTIMIZATION_LEVEL = 0;
				GCC_PREPROCESSOR_DEFINITIONS = (
					"DEBUG=1",
					"$(inherited)",
				);
				GCC_WARN_64_TO_32_BIT_CONVERSION = YES;
				GCC_WARN_ABOUT_RETURN_TYPE = YES_ERROR;
				GCC_WARN_UNDECLARED_SELECTOR = YES;
				GCC_WARN_UNINITIALIZED_AUTOS = YES_AGGRESSIVE;
				GCC_WARN_UNUSED_FUNCTION = YES;
				GCC_WARN_UNUSED_VARIABLE = YES;
				IPHONEOS_DEPLOYMENT_TARGET = 10.0;
				MTL_ENABLE_DEBUG_INFO = YES;
				ONLY_ACTIVE_ARCH = YES;
				SDKROOT = iphoneos;
				SWIFT_ACTIVE_COMPILATION_CONDITIONS = DEBUG;
				SWIFT_OPTIMIZATION_LEVEL = "-Onone";
			};
			name = Debug;
		};
		0419359520A55D04006D5CF3 /* Release */ = {
			isa = XCBuildConfiguration;
			buildSettings = {
				ALWAYS_SEARCH_USER_PATHS = NO;
				CLANG_ANALYZER_NONNULL = YES;
				CLANG_ANALYZER_NUMBER_OBJECT_CONVERSION = YES_AGGRESSIVE;
				CLANG_CXX_LANGUAGE_STANDARD = "gnu++14";
				CLANG_CXX_LIBRARY = "libc++";
				CLANG_ENABLE_MODULES = YES;
				CLANG_ENABLE_OBJC_ARC = YES;
				CLANG_ENABLE_OBJC_WEAK = YES;
				CLANG_WARN_BLOCK_CAPTURE_AUTORELEASING = YES;
				CLANG_WARN_BOOL_CONVERSION = YES;
				CLANG_WARN_COMMA = YES;
				CLANG_WARN_CONSTANT_CONVERSION = YES;
				CLANG_WARN_DEPRECATED_OBJC_IMPLEMENTATIONS = YES;
				CLANG_WARN_DIRECT_OBJC_ISA_USAGE = YES_ERROR;
				CLANG_WARN_DOCUMENTATION_COMMENTS = YES;
				CLANG_WARN_EMPTY_BODY = YES;
				CLANG_WARN_ENUM_CONVERSION = YES;
				CLANG_WARN_INFINITE_RECURSION = YES;
				CLANG_WARN_INT_CONVERSION = YES;
				CLANG_WARN_NON_LITERAL_NULL_CONVERSION = YES;
				CLANG_WARN_OBJC_IMPLICIT_RETAIN_SELF = YES;
				CLANG_WARN_OBJC_LITERAL_CONVERSION = YES;
				CLANG_WARN_OBJC_ROOT_CLASS = YES_ERROR;
				CLANG_WARN_RANGE_LOOP_ANALYSIS = YES;
				CLANG_WARN_STRICT_PROTOTYPES = YES;
				CLANG_WARN_SUSPICIOUS_MOVE = YES;
				CLANG_WARN_UNGUARDED_AVAILABILITY = YES_AGGRESSIVE;
				CLANG_WARN_UNREACHABLE_CODE = YES;
				CLANG_WARN__DUPLICATE_METHOD_MATCH = YES;
				CODE_SIGN_IDENTITY = "iPhone Developer";
				COPY_PHASE_STRIP = NO;
				DEBUG_INFORMATION_FORMAT = "dwarf-with-dsym";
				DEFINES_MODULE = YES;
				ENABLE_NS_ASSERTIONS = NO;
				ENABLE_STRICT_OBJC_MSGSEND = YES;
				GCC_C_LANGUAGE_STANDARD = gnu11;
				GCC_NO_COMMON_BLOCKS = YES;
				GCC_WARN_64_TO_32_BIT_CONVERSION = YES;
				GCC_WARN_ABOUT_RETURN_TYPE = YES_ERROR;
				GCC_WARN_UNDECLARED_SELECTOR = YES;
				GCC_WARN_UNINITIALIZED_AUTOS = YES_AGGRESSIVE;
				GCC_WARN_UNUSED_FUNCTION = YES;
				GCC_WARN_UNUSED_VARIABLE = YES;
				IPHONEOS_DEPLOYMENT_TARGET = 10.0;
				MTL_ENABLE_DEBUG_INFO = NO;
				SDKROOT = iphoneos;
				SWIFT_COMPILATION_MODE = wholemodule;
				SWIFT_OPTIMIZATION_LEVEL = "-O";
				VALIDATE_PRODUCT = YES;
			};
			name = Release;
		};
		0419359720A55D04006D5CF3 /* Debug */ = {
			isa = XCBuildConfiguration;
			baseConfigurationReference = B5FC0BFA4CB3D541F01922CF /* Pods-Loan.debug.xcconfig */;
			buildSettings = {
				ASSETCATALOG_COMPILER_APPICON_NAME = AppIcon;
				CLANG_ENABLE_MODULES = YES;
				CODE_SIGN_STYLE = Automatic;
				DEVELOPMENT_TEAM = EEQB59Y365;
				INFOPLIST_FILE = Loan/Info.plist;
				IPHONEOS_DEPLOYMENT_TARGET = 10.0;
				LD_RUNPATH_SEARCH_PATHS = (
					"$(inherited)",
					"@executable_path/Frameworks",
				);
				PRODUCT_BUNDLE_IDENTIFIER = com.kbfoo.Loan;
				PRODUCT_NAME = "$(TARGET_NAME)";
				SWIFT_OBJC_BRIDGING_HEADER = "Loan/Loan-Bridging-Header.h";
				SWIFT_OPTIMIZATION_LEVEL = "-Onone";
				SWIFT_VERSION = 4.0;
				TARGETED_DEVICE_FAMILY = 1;
			};
			name = Debug;
		};
		0419359820A55D04006D5CF3 /* Release */ = {
			isa = XCBuildConfiguration;
			baseConfigurationReference = 3746A3A3E7F0E004FCC250EC /* Pods-Loan.release.xcconfig */;
			buildSettings = {
				ASSETCATALOG_COMPILER_APPICON_NAME = AppIcon;
				CLANG_ENABLE_MODULES = YES;
				CODE_SIGN_STYLE = Automatic;
				DEVELOPMENT_TEAM = EEQB59Y365;
				INFOPLIST_FILE = Loan/Info.plist;
				IPHONEOS_DEPLOYMENT_TARGET = 10.0;
				LD_RUNPATH_SEARCH_PATHS = (
					"$(inherited)",
					"@executable_path/Frameworks",
				);
				PRODUCT_BUNDLE_IDENTIFIER = com.kbfoo.Loan;
				PRODUCT_NAME = "$(TARGET_NAME)";
				SWIFT_OBJC_BRIDGING_HEADER = "Loan/Loan-Bridging-Header.h";
				SWIFT_VERSION = 4.0;
				TARGETED_DEVICE_FAMILY = 1;
			};
			name = Release;
		};
/* End XCBuildConfiguration section */

/* Begin XCConfigurationList section */
		0419357F20A55D03006D5CF3 /* Build configuration list for PBXProject "Loan" */ = {
			isa = XCConfigurationList;
			buildConfigurations = (
				0419359420A55D04006D5CF3 /* Debug */,
				0419359520A55D04006D5CF3 /* Release */,
			);
			defaultConfigurationIsVisible = 0;
			defaultConfigurationName = Release;
		};
		0419359620A55D04006D5CF3 /* Build configuration list for PBXNativeTarget "Loan" */ = {
			isa = XCConfigurationList;
			buildConfigurations = (
				0419359720A55D04006D5CF3 /* Debug */,
				0419359820A55D04006D5CF3 /* Release */,
			);
			defaultConfigurationIsVisible = 0;
			defaultConfigurationName = Release;
		};
/* End XCConfigurationList section */
	};
	rootObject = 0419357C20A55D03006D5CF3 /* Project object */;
}
